
Microsoft Visual Studio Solution File, Format Version 12.00
# Visual Studio 15
VisualStudioVersion = 15.0.26730.12
MinimumVisualStudioVersion = 10.0.40219.1
Project("{FAE04EC0-301F-11D3-BF4B-00C04F79EFBC}") = "NameGenerator", "NameGenerator\NameGenerator.csproj", "{44D235CA-8BEE-4E4A-A9B4-175CE81BA60C}"
EndProject
Global
	GlobalSection(SolutionConfigurationPlatforms) = preSolution
		Debug|Any CPU = Debug|Any CPU
		Release|Any CPU = Release|Any CPU
	EndGlobalSection
	GlobalSection(ProjectConfigurationPlatforms) = postSolution
		{44D235CA-8BEE-4E4A-A9B4-175CE81BA60C}.Debug|Any CPU.ActiveCfg = Debug|Any CPU
		{44D235CA-8BEE-4E4A-A9B4-175CE81BA60C}.Debug|Any CPU.Build.0 = Debug|Any CPU
		{44D235CA-8BEE-4E4A-A9B4-175CE81BA60C}.Release|Any CPU.ActiveCfg = Release|Any CPU
		{44D235CA-8BEE-4E4A-A9B4-175CE81BA60C}.Release|Any CPU.Build.0 = Release|Any CPU
	EndGlobalSection
	GlobalSection(SolutionProperties) = preSolution
		HideSolutionNode = FALSE
	EndGlobalSection
	GlobalSection(ExtensibilityGlobals) = postSolution
		SolutionGuid = {6A0F8134-B5A8-46AA-BC57-994954F17FD3}
	EndGlobalSection
EndGlobal
